
Microsoft Visual Studio Solution File, Format Version 12.00
# Visual Studio Version 17
VisualStudioVersion = 17.0.31903.59
MinimumVisualStudioVersion = 10.0.40219.1
Project("{FAE04EC0-301F-11D3-BF4B-00C04F79EFBC}") = "KraveBazaAPI", "KraveBazaAPI\KraveBazaAPI.csproj", "{347C3511-B295-4207-A95C-E3B628EB83BD}"
EndProject
Global
	GlobalSection(SolutionConfigurationPlatforms) = preSolution
		Debug|Any CPU = Debug|Any CPU
		Release|Any CPU = Release|Any CPU
	EndGlobalSection
	GlobalSection(SolutionProperties) = preSolution
		HideSolutionNode = FALSE
	EndGlobalSection
	GlobalSection(ProjectConfigurationPlatforms) = postSolution
		{347C3511-B295-4207-A95C-E3B628EB83BD}.Debug|Any CPU.ActiveCfg = Debug|Any CPU
		{347C3511-B295-4207-A95C-E3B628EB83BD}.Debug|Any CPU.Build.0 = Debug|Any CPU
		{347C3511-B295-4207-A95C-E3B628EB83BD}.Release|Any CPU.ActiveCfg = Release|Any CPU
		{347C3511-B295-4207-A95C-E3B628EB83BD}.Release|Any CPU.Build.0 = Release|Any CPU
	EndGlobalSection
EndGlobal
